
Microsoft Visual Studio Solution File, Format Version 12.00
# Visual Studio Version 16
VisualStudioVersion = 16.0.30523.141
MinimumVisualStudioVersion = 10.0.40219.1
Project("{FAE04EC0-301F-11D3-BF4B-00C04F79EFBC}") = "MySweepstakes", "MySweepstakes\MySweepstakes.csproj", "{16827F34-8E44-46A6-9186-F57F83C9AFAB}"
EndProject
Global
	GlobalSection(SolutionConfigurationPlatforms) = preSolution
		Debug|Any CPU = Debug|Any CPU
		Release|Any CPU = Release|Any CPU
	EndGlobalSection
	GlobalSection(ProjectConfigurationPlatforms) = postSolution
		{16827F34-8E44-46A6-9186-F57F83C9AFAB}.Debug|Any CPU.ActiveCfg = Debug|Any CPU
		{16827F34-8E44-46A6-9186-F57F83C9AFAB}.Debug|Any CPU.Build.0 = Debug|Any CPU
		{16827F34-8E44-46A6-9186-F57F83C9AFAB}.Release|Any CPU.ActiveCfg = Release|Any CPU
		{16827F34-8E44-46A6-9186-F57F83C9AFAB}.Release|Any CPU.Build.0 = Release|Any CPU
	EndGlobalSection
	GlobalSection(SolutionProperties) = preSolution
		HideSolutionNode = FALSE
	EndGlobalSection
	GlobalSection(ExtensibilityGlobals) = postSolution
		SolutionGuid = {8E97BBAA-C066-4E10-A868-1CAE93133704}
	EndGlobalSection
EndGlobal
